{
  "name": "perp-curie-contracts",
  "version": "1.0.0",
  "lockfileVersion": 2,
  "requires": true,
  "packages": {
    "": {
      "name": "perp-curie-contracts",
      "version": "1.0.0",
      "license": "ISC",
      "dependencies": {
        "@perp/curie-contract": "^1.0.10-staging",
        "@perp/curie-periphery": "^1.3.2-staging"
      }
    },
    "node_modules/@perp/curie-contract": {
      "version": "1.0.10-staging",
      "resolved": "https://registry.npmjs.org/@perp/curie-contract/-/curie-contract-1.0.10-staging.tgz",
      "integrity": "sha512-r144qvU6FAVRPSmyeg9ZwfBWcXEJ9A62l+0KCoo2MwZuSToxRZtoEg14VpD9xkKiI7hfPU4o63d1hijkABRjYQ=="
    },
    "node_modules/@perp/curie-periphery": {
      "version": "1.3.2-staging",
      "resolved": "https://registry.npmjs.org/@perp/curie-periphery/-/curie-periphery-1.3.2-staging.tgz",
      "integrity": "sha512-4vB3F6G24zNa/s7sWP4ElSn2ixeWisCEaaA6cuiuwQpPFka1Gm6ZrsmskEbVzFv8WYn3zCjtpAXOM6RNZKoEKg=="
    }
  },
  "dependencies": {
    "@perp/curie-contract": {
      "version": "1.0.10-staging",
      "resolved": "https://registry.npmjs.org/@perp/curie-contract/-/curie-contract-1.0.10-staging.tgz",
      "integrity": "sha512-r144qvU6FAVRPSmyeg9ZwfBWcXEJ9A62l+0KCoo2MwZuSToxRZtoEg14VpD9xkKiI7hfPU4o63d1hijkABRjYQ=="
    },
    "@perp/curie-periphery": {
      "version": "1.3.2-staging",
      "resolved": "https://registry.npmjs.org/@perp/curie-periphery/-/curie-periphery-1.3.2-staging.tgz",
      "integrity": "sha512-4vB3F6G24zNa/s7sWP4ElSn2ixeWisCEaaA6cuiuwQpPFka1Gm6ZrsmskEbVzFv8WYn3zCjtpAXOM6RNZKoEKg=="
    }
  }
}
